
Microsoft Visual Studio Solution File, Format Version 12.00
# Visual Studio 15
VisualStudioVersion = 15.0.27428.2037
MinimumVisualStudioVersion = 10.0.40219.1
Project("{FAE04EC0-301F-11D3-BF4B-00C04F79EFBC}") = "StackLayout.Android", "StackLayout\StackLayout.Android\StackLayout.Android.csproj", "{9D61FCF4-2A9E-4394-A37F-3D2EA3E2DEDA}"
EndProject
Project("{FAE04EC0-301F-11D3-BF4B-00C04F79EFBC}") = "StackLayout.iOS", "StackLayout\StackLayout.iOS\StackLayout.iOS.csproj", "{826A888A-2553-4D89-B1AA-8E038F40BB63}"
EndProject
Project("{FAE04EC0-301F-11D3-BF4B-00C04F79EFBC}") = "StackLayout.UWP", "StackLayout\StackLayout.UWP\StackLayout.UWP.csproj", "{41595022-A330-4777-870E-9F5ECE73FD3D}"
EndProject
Project("{FAE04EC0-301F-11D3-BF4B-00C04F79EFBC}") = "StackLayout", "StackLayout\StackLayout\StackLayout.csproj", "{A8D1BC4D-EF62-473F-A7ED-29A9CAE0AC33}"
EndProject
Global
	GlobalSection(SolutionConfigurationPlatforms) = preSolution
		Ad-Hoc|Any CPU = Ad-Hoc|Any CPU
		Ad-Hoc|ARM = Ad-Hoc|ARM
		Ad-Hoc|iPhone = Ad-Hoc|iPhone
		Ad-Hoc|iPhoneSimulator = Ad-Hoc|iPhoneSimulator
		Ad-Hoc|x64 = Ad-Hoc|x64
		Ad-Hoc|x86 = Ad-Hoc|x86
		AppStore|Any CPU = AppStore|Any CPU
		AppStore|ARM = AppStore|ARM
		AppStore|iPhone = AppStore|iPhone
		AppStore|iPhoneSimulator = AppStore|iPhoneSimulator
		AppStore|x64 = AppStore|x64
		AppStore|x86 = AppStore|x86
		Debug|Any CPU = Debug|Any CPU
		Debug|ARM = Debug|ARM
		Debug|iPhone = Debug|iPhone
		Debug|iPhoneSimulator = Debug|iPhoneSimulator
		Debug|x64 = Debug|x64
		Debug|x86 = Debug|x86
		Release|Any CPU = Release|Any CPU
		Release|ARM = Release|ARM
		Release|iPhone = Release|iPhone
		Release|iPhoneSimulator = Release|iPhoneSimulator
		Release|x64 = Release|x64
		Release|x86 = Release|x86
	EndGlobalSection
	GlobalSection(ProjectConfigurationPlatforms) = postSolution
		{9D61FCF4-2A9E-4394-A37F-3D2EA3E2DEDA}.Ad-Hoc|Any CPU.ActiveCfg = Release|Any CPU
		{9D61FCF4-2A9E-4394-A37F-3D2EA3E2DEDA}.Ad-Hoc|Any CPU.Build.0 = Release|Any CPU
		{9D61FCF4-2A9E-4394-A37F-3D2EA3E2DEDA}.Ad-Hoc|Any CPU.Deploy.0 = Release|Any CPU
		{9D61FCF4-2A9E-4394-A37F-3D2EA3E2DEDA}.Ad-Hoc|ARM.ActiveCfg = Release|Any CPU
		{9D61FCF4-2A9E-4394-A37F-3D2EA3E2DEDA}.Ad-Hoc|ARM.Build.0 = Release|Any CPU
		{9D61FCF4-2A9E-4394-A37F-3D2EA3E2DEDA}.Ad-Hoc|ARM.Deploy.0 = Release|Any CPU
		{9D61FCF4-2A9E-4394-A37F-3D2EA3E2DEDA}.Ad-Hoc|iPhone.ActiveCfg = Release|Any CPU
		{9D61FCF4-2A9E-4394-A37F-3D2EA3E2DEDA}.Ad-Hoc|iPhone.Build.0 = Release|Any CPU
		{9D61FCF4-2A9E-4394-A37F-3D2EA3E2DEDA}.Ad-Hoc|iPhone.Deploy.0 = Release|Any CPU
		{9D61FCF4-2A9E-4394-A37F-3D2EA3E2DEDA}.Ad-Hoc|iPhoneSimulator.ActiveCfg = Release|Any CPU
		{9D61FCF4-2A9E-4394-A37F-3D2EA3E2DEDA}.Ad-Hoc|iPhoneSimulator.Build.0 = Release|Any CPU
		{9D61FCF4-2A9E-4394-A37F-3D2EA3E2DEDA}.Ad-Hoc|iPhoneSimulator.Deploy.0 = Release|Any CPU
		{9D61FCF4-2A9E-4394-A37F-3D2EA3E2DEDA}.Ad-Hoc|x64.ActiveCfg = Release|Any CPU
		{9D61FCF4-2A9E-4394-A37F-3D2EA3E2DEDA}.Ad-Hoc|x64.Build.0 = Release|Any CPU
		{9D61FCF4-2A9E-4394-A37F-3D2EA3E2DEDA}.Ad-Hoc|x64.Deploy.0 = Release|Any CPU
		{9D61FCF4-2A9E-4394-A37F-3D2EA3E2DEDA}.Ad-Hoc|x86.ActiveCfg = Release|Any CPU
		{9D61FCF4-2A9E-4394-A37F-3D2EA3E2DEDA}.Ad-Hoc|x86.Build.0 = Release|Any CPU
		{9D61FCF4-2A9E-4394-A37F-3D2EA3E2DEDA}.Ad-Hoc|x86.Deploy.0 = Release|Any CPU
		{9D61FCF4-2A9E-4394-A37F-3D2EA3E2DEDA}.AppStore|Any CPU.ActiveCfg = Release|Any CPU
		{9D61FCF4-2A9E-4394-A37F-3D2EA3E2DEDA}.AppStore|Any CPU.Build.0 = Release|Any CPU
		{9D61FCF4-2A9E-4394-A37F-3D2EA3E2DEDA}.AppStore|Any CPU.Deploy.0 = Release|Any CPU
		{9D61FCF4-2A9E-4394-A37F-3D2EA3E2DEDA}.AppStore|ARM.ActiveCfg = Release|Any CPU
		{9D61FCF4-2A9E-4394-A37F-3D2EA3E2DEDA}.AppStore|ARM.Build.0 = Release|Any CPU
		{9D61FCF4-2A9E-4394-A37F-3D2EA3E2DEDA}.AppStore|ARM.Deploy.0 = Release|Any CPU
		{9D61FCF4-2A9E-4394-A37F-3D2EA3E2DEDA}.AppStore|iPhone.ActiveCfg = Release|Any CPU
		{9D61FCF4-2A9E-4394-A37F-3D2EA3E2DEDA}.AppStore|iPhone.Build.0 = Release|Any CPU
		{9D61FCF4-2A9E-4394-A37F-3D2EA3E2DEDA}.AppStore|iPhone.Deploy.0 = Release|Any CPU
		{9D61FCF4-2A9E-4394-A37F-3D2EA3E2DEDA}.AppStore|iPhoneSimulator.ActiveCfg = Release|Any CPU
		{9D61FCF4-2A9E-4394-A37F-3D2EA3E2DEDA}.AppStore|iPhoneSimulator.Build.0 = Release|Any CPU
		{9D61FCF4-2A9E-4394-A37F-3D2EA3E2DEDA}.AppStore|iPhoneSimulator.Deploy.0 = Release|Any CPU
		{9D61FCF4-2A9E-4394-A37F-3D2EA3E2DEDA}.AppStore|x64.ActiveCfg = Release|Any CPU
		{9D61FCF4-2A9E-4394-A37F-3D2EA3E2DEDA}.AppStore|x64.Build.0 = Release|Any CPU
		{9D61FCF4-2A9E-4394-A37F-3D2EA3E2DEDA}.AppStore|x64.Deploy.0 = Release|Any CPU
		{9D61FCF4-2A9E-4394-A37F-3D2EA3E2DEDA}.AppStore|x86.ActiveCfg = Release|Any CPU
		{9D61FCF4-2A9E-4394-A37F-3D2EA3E2DEDA}.AppStore|x86.Build.0 = Release|Any CPU
		{9D61FCF4-2A9E-4394-A37F-3D2EA3E2DEDA}.AppStore|x86.Deploy.0 = Release|Any CPU
		{9D61FCF4-2A9E-4394-A37F-3D2EA3E2DEDA}.Debug|Any CPU.ActiveCfg = Debug|Any CPU
		{9D61FCF4-2A9E-4394-A37F-3D2EA3E2DEDA}.Debug|Any CPU.Build.0 = Debug|Any CPU
		{9D61FCF4-2A9E-4394-A37F-3D2EA3E2DEDA}.Debug|Any CPU.Deploy.0 = Debug|Any CPU
		{9D61FCF4-2A9E-4394-A37F-3D2EA3E2DEDA}.Debug|ARM.ActiveCfg = Debug|Any CPU
		{9D61FCF4-2A9E-4394-A37F-3D2EA3E2DEDA}.Debug|ARM.Build.0 = Debug|Any CPU
		{9D61FCF4-2A9E-4394-A37F-3D2EA3E2DEDA}.Debug|ARM.Deploy.0 = Debug|Any CPU
		{9D61FCF4-2A9E-4394-A37F-3D2EA3E2DEDA}.Debug|iPhone.ActiveCfg = Debug|Any CPU
		{9D61FCF4-2A9E-4394-A37F-3D2EA3E2DEDA}.Debug|iPhone.Build.0 = Debug|Any CPU
		{9D61FCF4-2A9E-4394-A37F-3D2EA3E2DEDA}.Debug|iPhone.Deploy.0 = Debug|Any CPU
		{9D61FCF4-2A9E-4394-A37F-3D2EA3E2DEDA}.Debug|iPhoneSimulator.ActiveCfg = Debug|Any CPU
		{9D61FCF4-2A9E-4394-A37F-3D2EA3E2DEDA}.Debug|iPhoneSimulator.Build.0 = Debug|Any CPU
		{9D61FCF4-2A9E-4394-A37F-3D2EA3E2DEDA}.Debug|iPhoneSimulator.Deploy.0 = Debug|Any CPU
		{9D61FCF4-2A9E-4394-A37F-3D2EA3E2DEDA}.Debug|x64.ActiveCfg = Debug|Any CPU
		{9D61FCF4-2A9E-4394-A37F-3D2EA3E2DEDA}.Debug|x64.Build.0 = Debug|Any CPU
		{9D61FCF4-2A9E-4394-A37F-3D2EA3E2DEDA}.Debug|x64.Deploy.0 = Debug|Any CPU
		{9D61FCF4-2A9E-4394-A37F-3D2EA3E2DEDA}.Debug|x86.ActiveCfg = Debug|Any CPU
		{9D61FCF4-2A9E-4394-A37F-3D2EA3E2DEDA}.Debug|x86.Build.0 = Debug|Any CPU
		{9D61FCF4-2A9E-4394-A37F-3D2EA3E2DEDA}.Debug|x86.Deploy.0 = Debug|Any CPU
		{9D61FCF4-2A9E-4394-A37F-3D2EA3E2DEDA}.Release|Any CPU.ActiveCfg = Release|Any CPU
		{9D61FCF4-2A9E-4394-A37F-3D2EA3E2DEDA}.Release|Any CPU.Build.0 = Release|Any CPU
		{9D61FCF4-2A9E-4394-A37F-3D2EA3E2DEDA}.Release|Any CPU.Deploy.0 = Release|Any CPU
		{9D61FCF4-2A9E-4394-A37F-3D2EA3E2DEDA}.Release|ARM.ActiveCfg = Release|Any CPU
		{9D61FCF4-2A9E-4394-A37F-3D2EA3E2DEDA}.Release|ARM.Build.0 = Release|Any CPU
		{9D61FCF4-2A9E-4394-A37F-3D2EA3E2DEDA}.Release|ARM.Deploy.0 = Release|Any CPU
		{9D61FCF4-2A9E-4394-A37F-3D2EA3E2DEDA}.Release|iPhone.ActiveCfg = Release|Any CPU
		{9D61FCF4-2A9E-4394-A37F-3D2EA3E2DEDA}.Release|iPhone.Build.0 = Release|Any CPU
		{9D61FCF4-2A9E-4394-A37F-3D2EA3E2DEDA}.Release|iPhone.Deploy.0 = Release|Any CPU
		{9D61FCF4-2A9E-4394-A37F-3D2EA3E2DEDA}.Release|iPhoneSimulator.ActiveCfg = Release|Any CPU
		{9D61FCF4-2A9E-4394-A37F-3D2EA3E2DEDA}.Release|iPhoneSimulator.Build.0 = Release|Any CPU
		{9D61FCF4-2A9E-4394-A37F-3D2EA3E2DEDA}.Release|iPhoneSimulator.Deploy.0 = Release|Any CPU
		{9D61FCF4-2A9E-4394-A37F-3D2EA3E2DEDA}.Release|x64.ActiveCfg = Release|Any CPU
		{9D61FCF4-2A9E-4394-A37F-3D2EA3E2DEDA}.Release|x64.Build.0 = Release|Any CPU
		{9D61FCF4-2A9E-4394-A37F-3D2EA3E2DEDA}.Release|x64.Deploy.0 = Release|Any CPU
		{9D61FCF4-2A9E-4394-A37F-3D2EA3E2DEDA}.Release|x86.ActiveCfg = Release|Any CPU
		{9D61FCF4-2A9E-4394-A37F-3D2EA3E2DEDA}.Release|x86.Build.0 = Release|Any CPU
		{9D61FCF4-2A9E-4394-A37F-3D2EA3E2DEDA}.Release|x86.Deploy.0 = Release|Any CPU
		{826A888A-2553-4D89-B1AA-8E038F40BB63}.Ad-Hoc|Any CPU.ActiveCfg = Ad-Hoc|iPhone
		{826A888A-2553-4D89-B1AA-8E038F40BB63}.Ad-Hoc|ARM.ActiveCfg = Ad-Hoc|iPhone
		{826A888A-2553-4D89-B1AA-8E038F40BB63}.Ad-Hoc|iPhone.ActiveCfg = Ad-Hoc|iPhone
		{826A888A-2553-4D89-B1AA-8E038F40BB63}.Ad-Hoc|iPhone.Build.0 = Ad-Hoc|iPhone
		{826A888A-2553-4D89-B1AA-8E038F40BB63}.Ad-Hoc|iPhoneSimulator.ActiveCfg = Ad-Hoc|iPhoneSimulator
		{826A888A-2553-4D89-B1AA-8E038F40BB63}.Ad-Hoc|iPhoneSimulator.Build.0 = Ad-Hoc|iPhoneSimulator
		{826A888A-2553-4D89-B1AA-8E038F40BB63}.Ad-Hoc|x64.ActiveCfg = Ad-Hoc|iPhone
		{826A888A-2553-4D89-B1AA-8E038F40BB63}.Ad-Hoc|x86.ActiveCfg = Ad-Hoc|iPhone
		{826A888A-2553-4D89-B1AA-8E038F40BB63}.AppStore|Any CPU.ActiveCfg = AppStore|iPhone
		{826A888A-2553-4D89-B1AA-8E038F40BB63}.AppStore|ARM.ActiveCfg = AppStore|iPhone
		{826A888A-2553-4D89-B1AA-8E038F40BB63}.AppStore|iPhone.ActiveCfg = AppStore|iPhone
		{826A888A-2553-4D89-B1AA-8E038F40BB63}.AppStore|iPhone.Build.0 = AppStore|iPhone
		{826A888A-2553-4D89-B1AA-8E038F40BB63}.AppStore|iPhoneSimulator.ActiveCfg = AppStore|iPhoneSimulator
		{826A888A-2553-4D89-B1AA-8E038F40BB63}.AppStore|iPhoneSimulator.Build.0 = AppStore|iPhoneSimulator
		{826A888A-2553-4D89-B1AA-8E038F40BB63}.AppStore|x64.ActiveCfg = AppStore|iPhone
		{826A888A-2553-4D89-B1AA-8E038F40BB63}.AppStore|x86.ActiveCfg = AppStore|iPhone
		{826A888A-2553-4D89-B1AA-8E038F40BB63}.Debug|Any CPU.ActiveCfg = Debug|iPhone
		{826A888A-2553-4D89-B1AA-8E038F40BB63}.Debug|ARM.ActiveCfg = Debug|iPhone
		{826A888A-2553-4D89-B1AA-8E038F40BB63}.Debug|iPhone.ActiveCfg = Debug|iPhone
		{826A888A-2553-4D89-B1AA-8E038F40BB63}.Debug|iPhone.Build.0 = Debug|iPhone
		{826A888A-2553-4D89-B1AA-8E038F40BB63}.Debug|iPhoneSimulator.ActiveCfg = Debug|iPhoneSimulator
		{826A888A-2553-4D89-B1AA-8E038F40BB63}.Debug|iPhoneSimulator.Build.0 = Debug|iPhoneSimulator
		{826A888A-2553-4D89-B1AA-8E038F40BB63}.Debug|x64.ActiveCfg = Debug|iPhone
		{826A888A-2553-4D89-B1AA-8E038F40BB63}.Debug|x86.ActiveCfg = Debug|iPhone
		{826A888A-2553-4D89-B1AA-8E038F40BB63}.Release|Any CPU.ActiveCfg = Release|iPhone
		{826A888A-2553-4D89-B1AA-8E038F40BB63}.Release|ARM.ActiveCfg = Release|iPhone
		{826A888A-2553-4D89-B1AA-8E038F40BB63}.Release|iPhone.ActiveCfg = Release|iPhone
		{826A888A-2553-4D89-B1AA-8E038F40BB63}.Release|iPhone.Build.0 = Release|iPhone
		{826A888A-2553-4D89-B1AA-8E038F40BB63}.Release|iPhoneSimulator.ActiveCfg = Release|iPhoneSimulator
		{826A888A-2553-4D89-B1AA-8E038F40BB63}.Release|iPhoneSimulator.Build.0 = Release|iPhoneSimulator
		{826A888A-2553-4D89-B1AA-8E038F40BB63}.Release|x64.ActiveCfg = Release|iPhone
		{826A888A-2553-4D89-B1AA-8E038F40BB63}.Release|x86.ActiveCfg = Release|iPhone
		{41595022-A330-4777-870E-9F5ECE73FD3D}.Ad-Hoc|Any CPU.ActiveCfg = Release|x86
		{41595022-A330-4777-870E-9F5ECE73FD3D}.Ad-Hoc|Any CPU.Build.0 = Release|x86
		{41595022-A330-4777-870E-9F5ECE73FD3D}.Ad-Hoc|Any CPU.Deploy.0 = Release|x86
		{41595022-A330-4777-870E-9F5ECE73FD3D}.Ad-Hoc|ARM.ActiveCfg = Release|ARM
		{41595022-A330-4777-870E-9F5ECE73FD3D}.Ad-Hoc|ARM.Build.0 = Release|ARM
		{41595022-A330-4777-870E-9F5ECE73FD3D}.Ad-Hoc|ARM.Deploy.0 = Release|ARM
		{41595022-A330-4777-870E-9F5ECE73FD3D}.Ad-Hoc|iPhone.ActiveCfg = Release|x86
		{41595022-A330-4777-870E-9F5ECE73FD3D}.Ad-Hoc|iPhone.Build.0 = Release|x86
		{41595022-A330-4777-870E-9F5ECE73FD3D}.Ad-Hoc|iPhone.Deploy.0 = Release|x86
		{41595022-A330-4777-870E-9F5ECE73FD3D}.Ad-Hoc|iPhoneSimulator.ActiveCfg = Release|x86
		{41595022-A330-4777-870E-9F5ECE73FD3D}.Ad-Hoc|iPhoneSimulator.Build.0 = Release|x86
		{41595022-A330-4777-870E-9F5ECE73FD3D}.Ad-Hoc|iPhoneSimulator.Deploy.0 = Release|x86
		{41595022-A330-4777-870E-9F5ECE73FD3D}.Ad-Hoc|x64.ActiveCfg = Release|x64
		{41595022-A330-4777-870E-9F5ECE73FD3D}.Ad-Hoc|x64.Build.0 = Release|x64
		{41595022-A330-4777-870E-9F5ECE73FD3D}.Ad-Hoc|x64.Deploy.0 = Release|x64
		{41595022-A330-4777-870E-9F5ECE73FD3D}.Ad-Hoc|x86.ActiveCfg = Release|x86
		{41595022-A330-4777-870E-9F5ECE73FD3D}.Ad-Hoc|x86.Build.0 = Release|x86
		{41595022-A330-4777-870E-9F5ECE73FD3D}.Ad-Hoc|x86.Deploy.0 = Release|x86
		{41595022-A330-4777-870E-9F5ECE73FD3D}.AppStore|Any CPU.ActiveCfg = Release|x86
		{41595022-A330-4777-870E-9F5ECE73FD3D}.AppStore|Any CPU.Build.0 = Release|x86
		{41595022-A330-4777-870E-9F5ECE73FD3D}.AppStore|Any CPU.Deploy.0 = Release|x86
		{41595022-A330-4777-870E-9F5ECE73FD3D}.AppStore|ARM.ActiveCfg = Release|ARM
		{41595022-A330-4777-870E-9F5ECE73FD3D}.AppStore|ARM.Build.0 = Release|ARM
		{41595022-A330-4777-870E-9F5ECE73FD3D}.AppStore|ARM.Deploy.0 = Release|ARM
		{41595022-A330-4777-870E-9F5ECE73FD3D}.AppStore|iPhone.ActiveCfg = Release|x86
		{41595022-A330-4777-870E-9F5ECE73FD3D}.AppStore|iPhone.Build.0 = Release|x86
		{41595022-A330-4777-870E-9F5ECE73FD3D}.AppStore|iPhone.Deploy.0 = Release|x86
		{41595022-A330-4777-870E-9F5ECE73FD3D}.AppStore|iPhoneSimulator.ActiveCfg = Release|x86
		{41595022-A330-4777-870E-9F5ECE73FD3D}.AppStore|iPhoneSimulator.Build.0 = Release|x86
		{41595022-A330-4777-870E-9F5ECE73FD3D}.AppStore|iPhoneSimulator.Deploy.0 = Release|x86
		{41595022-A330-4777-870E-9F5ECE73FD3D}.AppStore|x64.ActiveCfg = Release|x64
		{41595022-A330-4777-870E-9F5ECE73FD3D}.AppStore|x64.Build.0 = Release|x64
		{41595022-A330-4777-870E-9F5ECE73FD3D}.AppStore|x64.Deploy.0 = Release|x64
		{41595022-A330-4777-870E-9F5ECE73FD3D}.AppStore|x86.ActiveCfg = Release|x86
		{41595022-A330-4777-870E-9F5ECE73FD3D}.AppStore|x86.Build.0 = Release|x86
		{41595022-A330-4777-870E-9F5ECE73FD3D}.AppStore|x86.Deploy.0 = Release|x86
		{41595022-A330-4777-870E-9F5ECE73FD3D}.Debug|Any CPU.ActiveCfg = Debug|x86
		{41595022-A330-4777-870E-9F5ECE73FD3D}.Debug|ARM.ActiveCfg = Debug|ARM
		{41595022-A330-4777-870E-9F5ECE73FD3D}.Debug|ARM.Build.0 = Debug|ARM
		{41595022-A330-4777-870E-9F5ECE73FD3D}.Debug|ARM.Deploy.0 = Debug|ARM
		{41595022-A330-4777-870E-9F5ECE73FD3D}.Debug|iPhone.ActiveCfg = Debug|x86
		{41595022-A330-4777-870E-9F5ECE73FD3D}.Debug|iPhoneSimulator.ActiveCfg = Debug|x86
		{41595022-A330-4777-870E-9F5ECE73FD3D}.Debug|x64.ActiveCfg = Debug|x64
		{41595022-A330-4777-870E-9F5ECE73FD3D}.Debug|x64.Build.0 = Debug|x64
		{41595022-A330-4777-870E-9F5ECE73FD3D}.Debug|x64.Deploy.0 = Debug|x64
		{41595022-A330-4777-870E-9F5ECE73FD3D}.Debug|x86.ActiveCfg = Debug|x86
		{41595022-A330-4777-870E-9F5ECE73FD3D}.Debug|x86.Build.0 = Debug|x86
		{41595022-A330-4777-870E-9F5ECE73FD3D}.Debug|x86.Deploy.0 = Debug|x86
		{41595022-A330-4777-870E-9F5ECE73FD3D}.Release|Any CPU.ActiveCfg = Release|x86
		{41595022-A330-4777-870E-9F5ECE73FD3D}.Release|ARM.ActiveCfg = Release|ARM
		{41595022-A330-4777-870E-9F5ECE73FD3D}.Release|ARM.Build.0 = Release|ARM
		{41595022-A330-4777-870E-9F5ECE73FD3D}.Release|ARM.Deploy.0 = Release|ARM
		{41595022-A330-4777-870E-9F5ECE73FD3D}.Release|iPhone.ActiveCfg = Release|x86
		{41595022-A330-4777-870E-9F5ECE73FD3D}.Release|iPhoneSimulator.ActiveCfg = Release|x86
		{41595022-A330-4777-870E-9F5ECE73FD3D}.Release|x64.ActiveCfg = Release|x64
		{41595022-A330-4777-870E-9F5ECE73FD3D}.Release|x64.Build.0 = Release|x64
		{41595022-A330-4777-870E-9F5ECE73FD3D}.Release|x64.Deploy.0 = Release|x64
		{41595022-A330-4777-870E-9F5ECE73FD3D}.Release|x86.ActiveCfg = Release|x86
		{41595022-A330-4777-870E-9F5ECE73FD3D}.Release|x86.Build.0 = Release|x86
		{41595022-A330-4777-870E-9F5ECE73FD3D}.Release|x86.Deploy.0 = Release|x86
		{A8D1BC4D-EF62-473F-A7ED-29A9CAE0AC33}.Ad-Hoc|Any CPU.ActiveCfg = Debug|Any CPU
		{A8D1BC4D-EF62-473F-A7ED-29A9CAE0AC33}.Ad-Hoc|Any CPU.Build.0 = Debug|Any CPU
		{A8D1BC4D-EF62-473F-A7ED-29A9CAE0AC33}.Ad-Hoc|ARM.ActiveCfg = Debug|Any CPU
		{A8D1BC4D-EF62-473F-A7ED-29A9CAE0AC33}.Ad-Hoc|ARM.Build.0 = Debug|Any CPU
		{A8D1BC4D-EF62-473F-A7ED-29A9CAE0AC33}.Ad-Hoc|iPhone.ActiveCfg = Debug|Any CPU
		{A8D1BC4D-EF62-473F-A7ED-29A9CAE0AC33}.Ad-Hoc|iPhone.Build.0 = Debug|Any CPU
		{A8D1BC4D-EF62-473F-A7ED-29A9CAE0AC33}.Ad-Hoc|iPhoneSimulator.ActiveCfg = Debug|Any CPU
		{A8D1BC4D-EF62-473F-A7ED-29A9CAE0AC33}.Ad-Hoc|iPhoneSimulator.Build.0 = Debug|Any CPU
		{A8D1BC4D-EF62-473F-A7ED-29A9CAE0AC33}.Ad-Hoc|x64.ActiveCfg = Debug|Any CPU
		{A8D1BC4D-EF62-473F-A7ED-29A9CAE0AC33}.Ad-Hoc|x64.Build.0 = Debug|Any CPU
		{A8D1BC4D-EF62-473F-A7ED-29A9CAE0AC33}.Ad-Hoc|x86.ActiveCfg = Debug|Any CPU
		{A8D1BC4D-EF62-473F-A7ED-29A9CAE0AC33}.Ad-Hoc|x86.Build.0 = Debug|Any CPU
		{A8D1BC4D-EF62-473F-A7ED-29A9CAE0AC33}.AppStore|Any CPU.ActiveCfg = Debug|Any CPU
		{A8D1BC4D-EF62-473F-A7ED-29A9CAE0AC33}.AppStore|Any CPU.Build.0 = Debug|Any CPU
		{A8D1BC4D-EF62-473F-A7ED-29A9CAE0AC33}.AppStore|ARM.ActiveCfg = Debug|Any CPU
		{A8D1BC4D-EF62-473F-A7ED-29A9CAE0AC33}.AppStore|ARM.Build.0 = Debug|Any CPU
		{A8D1BC4D-EF62-473F-A7ED-29A9CAE0AC33}.AppStore|iPhone.ActiveCfg = Debug|Any CPU
		{A8D1BC4D-EF62-473F-A7ED-29A9CAE0AC33}.AppStore|iPhone.Build.0 = Debug|Any CPU
		{A8D1BC4D-EF62-473F-A7ED-29A9CAE0AC33}.AppStore|iPhoneSimulator.ActiveCfg = Debug|Any CPU
		{A8D1BC4D-EF62-473F-A7ED-29A9CAE0AC33}.AppStore|iPhoneSimulator.Build.0 = Debug|Any CPU
		{A8D1BC4D-EF62-473F-A7ED-29A9CAE0AC33}.AppStore|x64.ActiveCfg = Debug|Any CPU
		{A8D1BC4D-EF62-473F-A7ED-29A9CAE0AC33}.AppStore|x64.Build.0 = Debug|Any CPU
		{A8D1BC4D-EF62-473F-A7ED-29A9CAE0AC33}.AppStore|x86.ActiveCfg = Debug|Any CPU
		{A8D1BC4D-EF62-473F-A7ED-29A9CAE0AC33}.AppStore|x86.Build.0 = Debug|Any CPU
		{A8D1BC4D-EF62-473F-A7ED-29A9CAE0AC33}.Debug|Any CPU.ActiveCfg = Debug|Any CPU
		{A8D1BC4D-EF62-473F-A7ED-29A9CAE0AC33}.Debug|Any CPU.Build.0 = Debug|Any CPU
		{A8D1BC4D-EF62-473F-A7ED-29A9CAE0AC33}.Debug|ARM.ActiveCfg = Debug|Any CPU
		{A8D1BC4D-EF62-473F-A7ED-29A9CAE0AC33}.Debug|ARM.Build.0 = Debug|Any CPU
		{A8D1BC4D-EF62-473F-A7ED-29A9CAE0AC33}.Debug|iPhone.ActiveCfg = Debug|Any CPU
		{A8D1BC4D-EF62-473F-A7ED-29A9CAE0AC33}.Debug|iPhone.Build.0 = Debug|Any CPU
		{A8D1BC4D-EF62-473F-A7ED-29A9CAE0AC33}.Debug|iPhoneSimulator.ActiveCfg = Debug|Any CPU
		{A8D1BC4D-EF62-473F-A7ED-29A9CAE0AC33}.Debug|iPhoneSimulator.Build.0 = Debug|Any CPU
		{A8D1BC4D-EF62-473F-A7ED-29A9CAE0AC33}.Debug|x64.ActiveCfg = Debug|Any CPU
		{A8D1BC4D-EF62-473F-A7ED-29A9CAE0AC33}.Debug|x64.Build.0 = Debug|Any CPU
		{A8D1BC4D-EF62-473F-A7ED-29A9CAE0AC33}.Debug|x86.ActiveCfg = Debug|Any CPU
		{A8D1BC4D-EF62-473F-A7ED-29A9CAE0AC33}.Debug|x86.Build.0 = Debug|Any CPU
		{A8D1BC4D-EF62-473F-A7ED-29A9CAE0AC33}.Release|Any CPU.ActiveCfg = Release|Any CPU
		{A8D1BC4D-EF62-473F-A7ED-29A9CAE0AC33}.Release|Any CPU.Build.0 = Release|Any CPU
		{A8D1BC4D-EF62-473F-A7ED-29A9CAE0AC33}.Release|ARM.ActiveCfg = Release|Any CPU
		{A8D1BC4D-EF62-473F-A7ED-29A9CAE0AC33}.Release|ARM.Build.0 = Release|Any CPU
		{A8D1BC4D-EF62-473F-A7ED-29A9CAE0AC33}.Release|iPhone.ActiveCfg = Release|Any CPU
		{A8D1BC4D-EF62-473F-A7ED-29A9CAE0AC33}.Release|iPhone.Build.0 = Release|Any CPU
		{A8D1BC4D-EF62-473F-A7ED-29A9CAE0AC33}.Release|iPhoneSimulator.ActiveCfg = Release|Any CPU
		{A8D1BC4D-EF62-473F-A7ED-29A9CAE0AC33}.Release|iPhoneSimulator.Build.0 = Release|Any CPU
		{A8D1BC4D-EF62-473F-A7ED-29A9CAE0AC33}.Release|x64.ActiveCfg = Release|Any CPU
		{A8D1BC4D-EF62-473F-A7ED-29A9CAE0AC33}.Release|x64.Build.0 = Release|Any CPU
		{A8D1BC4D-EF62-473F-A7ED-29A9CAE0AC33}.Release|x86.ActiveCfg = Release|Any CPU
		{A8D1BC4D-EF62-473F-A7ED-29A9CAE0AC33}.Release|x86.Build.0 = Release|Any CPU
	EndGlobalSection
	GlobalSection(SolutionProperties) = preSolution
		HideSolutionNode = FALSE
	EndGlobalSection
	GlobalSection(ExtensibilityGlobals) = postSolution
		SolutionGuid = {921CDA3E-819A-4032-8E50-112C38A97F9C}
	EndGlobalSection
EndGlobal
